// !$*UTF8*$!
{
	archiveVersion = 1;
	classes = {
	};
	objectVersion = 46;
	objects = {

/* Begin PBXBuildFile section */
		2E1D79631EB260970047022A /* GoogleService-Info.plist in Resources */ = {isa = PBXBuildFile; fileRef = 2E1D79621EB260970047022A /* GoogleService-Info.plist */; };
		2E2173DE1E8D68C1003B6A75 /* MainTabBarController.swift in Sources */ = {isa = PBXBuildFile; fileRef = 2E2173DD1E8D68C1003B6A75 /* MainTabBarController.swift */; };
		2E2173E01E8D6971003B6A75 /* UserProfileController.swift in Sources */ = {isa = PBXBuildFile; fileRef = 2E2173DF1E8D6971003B6A75 /* UserProfileController.swift */; };
		2E2540F81EC7BF13005D0751 /* PhotoViewController.swift in Sources */ = {isa = PBXBuildFile; fileRef = 2E2540EF1EC7BF13005D0751 /* PhotoViewController.swift */; };
		2E2540F91EC7BF13005D0751 /* SwiftyRecordButton.swift in Sources */ = {isa = PBXBuildFile; fileRef = 2E2540F01EC7BF13005D0751 /* SwiftyRecordButton.swift */; };
		2E2540FA1EC7BF13005D0751 /* VideoViewController.swift in Sources */ = {isa = PBXBuildFile; fileRef = 2E2540F11EC7BF13005D0751 /* VideoViewController.swift */; };
		2E2540FB1EC7BF13005D0751 /* CameraViewController.swift in Sources */ = {isa = PBXBuildFile; fileRef = 2E2540F21EC7BF13005D0751 /* CameraViewController.swift */; };
		2E2541151EC7BF46005D0751 /* PreviewView.swift in Sources */ = {isa = PBXBuildFile; fileRef = 2E2541111EC7BF46005D0751 /* PreviewView.swift */; };
		2E2541161EC7BF46005D0751 /* SwiftyCamButton.swift in Sources */ = {isa = PBXBuildFile; fileRef = 2E2541121EC7BF46005D0751 /* SwiftyCamButton.swift */; };
		2E2541171EC7BF46005D0751 /* SwiftyCamViewController.swift in Sources */ = {isa = PBXBuildFile; fileRef = 2E2541131EC7BF46005D0751 /* SwiftyCamViewController.swift */; };
		2E2541181EC7BF46005D0751 /* SwiftyCamViewControllerDelegate.swift in Sources */ = {isa = PBXBuildFile; fileRef = 2E2541141EC7BF46005D0751 /* SwiftyCamViewControllerDelegate.swift */; };
		2E25411C1EC81916005D0751 /* VideoPlayer.swift in Sources */ = {isa = PBXBuildFile; fileRef = 2E25411B1EC81916005D0751 /* VideoPlayer.swift */; };
		2E36675F1E916F6000ADBE83 /* LoginController.swift in Sources */ = {isa = PBXBuildFile; fileRef = 2E36675E1E916F6000ADBE83 /* LoginController.swift */; };
		2E4B887F1E9D3D9900315465 /* SharePhotoController.swift in Sources */ = {isa = PBXBuildFile; fileRef = 2E4B887E1E9D3D9900315465 /* SharePhotoController.swift */; };
		2E5095FD1EA7C3C300F07EE2 /* CustomImageView.swift in Sources */ = {isa = PBXBuildFile; fileRef = 2E5095FC1EA7C3C300F07EE2 /* CustomImageView.swift */; };
		2E69F1AD1E8EB37600AD8CF8 /* UserProfileHeader.swift in Sources */ = {isa = PBXBuildFile; fileRef = 2E69F1AC1E8EB37600AD8CF8 /* UserProfileHeader.swift */; };
		2E79A26F1EAE5145004AF73D /* FirebaseUtils.swift in Sources */ = {isa = PBXBuildFile; fileRef = 2E79A26E1EAE5145004AF73D /* FirebaseUtils.swift */; };
		2E79A2AF1EAF99ED004AF73D /* UserSearchController.swift in Sources */ = {isa = PBXBuildFile; fileRef = 2E79A2AE1EAF99ED004AF73D /* UserSearchController.swift */; };
		2E79A2B11EAF9CB0004AF73D /* UserSearchCell.swift in Sources */ = {isa = PBXBuildFile; fileRef = 2E79A2B01EAF9CB0004AF73D /* UserSearchCell.swift */; };
		2E87C5C81EAA519F006332A7 /* HomeController.swift in Sources */ = {isa = PBXBuildFile; fileRef = 2E87C5C71EAA519F006332A7 /* HomeController.swift */; };
		2E87C5CA1EAA52AF006332A7 /* HomePostCell.swift in Sources */ = {isa = PBXBuildFile; fileRef = 2E87C5C91EAA52AF006332A7 /* HomePostCell.swift */; };
		2EA7E8CF1E98004B0015C315 /* PhotoSelectorCell.swift in Sources */ = {isa = PBXBuildFile; fileRef = 2EA7E8CE1E98004B0015C315 /* PhotoSelectorCell.swift */; };
		2EA853851E96BB83009929A6 /* PhotoSelectorController.swift in Sources */ = {isa = PBXBuildFile; fileRef = 2EA853841E96BB83009929A6 /* PhotoSelectorController.swift */; };
		2EC306781EC0BE580070C88A /* CameraController.swift in Sources */ = {isa = PBXBuildFile; fileRef = 2EC306771EC0BE580070C88A /* CameraController.swift */; };
		2EC306A71EC503860070C88A /* PreviewPhotoContainerView.swift in Sources */ = {isa = PBXBuildFile; fileRef = 2EC306A61EC503860070C88A /* PreviewPhotoContainerView.swift */; };
		2EC306AE1EC6015A0070C88A /* CustomAnimationPresentor.swift in Sources */ = {isa = PBXBuildFile; fileRef = 2EC306AD1EC6015A0070C88A /* CustomAnimationPresentor.swift */; };
		2EC306B01EC6059E0070C88A /* CustomAnimationDismisser.swift in Sources */ = {isa = PBXBuildFile; fileRef = 2EC306AF1EC6059E0070C88A /* CustomAnimationDismisser.swift */; };
		2EC306B61EC762900070C88A /* CommentsController.swift in Sources */ = {isa = PBXBuildFile; fileRef = 2EC306B51EC762900070C88A /* CommentsController.swift */; };
		2EC7E6941E99639B00ECC46B /* PhotoSelectorHeader.swift in Sources */ = {isa = PBXBuildFile; fileRef = 2EC7E6931E99639B00ECC46B /* PhotoSelectorHeader.swift */; };
		2ECB66981EABA5CE00F4E117 /* User.swift in Sources */ = {isa = PBXBuildFile; fileRef = 2ECB66971EABA5CE00F4E117 /* User.swift */; };
		2EDE92181E8A05900021334D /* MenuViewController.swift in Sources */ = {isa = PBXBuildFile; fileRef = 2EDE92171E8A05900021334D /* MenuViewController.swift */; };
		2EDE921A1E8A09DA0021334D /* Menu.swift in Sources */ = {isa = PBXBuildFile; fileRef = 2EDE92191E8A09DA0021334D /* Menu.swift */; };
		2EED35A41EA270C000906D6D /* Post.swift in Sources */ = {isa = PBXBuildFile; fileRef = 2EED35A31EA270C000906D6D /* Post.swift */; };
		2EED35A61EA2726A00906D6D /* UserProfilePhotoCell.swift in Sources */ = {isa = PBXBuildFile; fileRef = 2EED35A51EA2726A00906D6D /* UserProfilePhotoCell.swift */; };
		2EF90AEB1E88C1E000F542C8 /* AppDelegate.swift in Sources */ = {isa = PBXBuildFile; fileRef = 2EF90AEA1E88C1E000F542C8 /* AppDelegate.swift */; };
		2EF90AED1E88C1E000F542C8 /* SignUpController.swift in Sources */ = {isa = PBXBuildFile; fileRef = 2EF90AEC1E88C1E000F542C8 /* SignUpController.swift */; };
		2EF90AF01E88C1E000F542C8 /* Main.storyboard in Resources */ = {isa = PBXBuildFile; fileRef = 2EF90AEE1E88C1E000F542C8 /* Main.storyboard */; };
		2EF90AF21E88C1E000F542C8 /* Assets.xcassets in Resources */ = {isa = PBXBuildFile; fileRef = 2EF90AF11E88C1E000F542C8 /* Assets.xcassets */; };
		2EF90AF51E88C1E000F542C8 /* LaunchScreen.storyboard in Resources */ = {isa = PBXBuildFile; fileRef = 2EF90AF31E88C1E000F542C8 /* LaunchScreen.storyboard */; };
		2EF90B001E88C1E000F542C8 /* DigitalTests.swift in Sources */ = {isa = PBXBuildFile; fileRef = 2EF90AFF1E88C1E000F542C8 /* DigitalTests.swift */; };
		2EF90B0B1E88C1E000F542C8 /* DigitalUITests.swift in Sources */ = {isa = PBXBuildFile; fileRef = 2EF90B0A1E88C1E000F542C8 /* DigitalUITests.swift */; };
		2EF90B1A1E899F7D00F542C8 /* Extensions.swift in Sources */ = {isa = PBXBuildFile; fileRef = 2EF90B191E899F7D00F542C8 /* Extensions.swift */; };
		62C041434638A127B7697CA4 /* Pods_DigitalTests.framework in Frameworks */ = {isa = PBXBuildFile; fileRef = 91160494E84D9E8907C742A0 /* Pods_DigitalTests.framework */; };
		811FF7A439951D491F05C0C5 /* Pods_Digital.framework in Frameworks */ = {isa = PBXBuildFile; fileRef = 8DB01C190F1F4C51EEA8EE23 /* Pods_Digital.framework */; };
		F8CEE66807621AFC01832E41 /* Pods_DigitalUITests.framework in Frameworks */ = {isa = PBXBuildFile; fileRef = E97A6D21371D376571B481B7 /* Pods_DigitalUITests.framework */; };
/* End PBXBuildFile section */

/* Begin PBXContainerItemProxy section */
		2EF90AFC1E88C1E000F542C8 /* PBXContainerItemProxy */ = {
			isa = PBXContainerItemProxy;
			containerPortal = 2EF90ADF1E88C1E000F542C8 /* Project object */;
			proxyType = 1;
			remoteGlobalIDString = 2EF90AE61E88C1E000F542C8;
			remoteInfo = Digital;
		};
		2EF90B071E88C1E000F542C8 /* PBXContainerItemProxy */ = {
			isa = PBXContainerItemProxy;
			containerPortal = 2EF90ADF1E88C1E000F542C8 /* Project object */;
			proxyType = 1;
			remoteGlobalIDString = 2EF90AE61E88C1E000F542C8;
			remoteInfo = Digital;
		};
/* End PBXContainerItemProxy section */

/* Begin PBXFileReference section */
		1AA382F650413212CC075616 /* Pods-DigitalUITests.debug.xcconfig */ = {isa = PBXFileReference; includeInIndex = 1; lastKnownFileType = text.xcconfig; name = "Pods-DigitalUITests.debug.xcconfig"; path = "Pods/Target Support Files/Pods-DigitalUITests/Pods-DigitalUITests.debug.xcconfig"; sourceTree = "<group>"; };
		2CE1F985FEBCF7A05811F6AA /* Pods-DigitalTests.release.xcconfig */ = {isa = PBXFileReference; includeInIndex = 1; lastKnownFileType = text.xcconfig; name = "Pods-DigitalTests.release.xcconfig"; path = "Pods/Target Support Files/Pods-DigitalTests/Pods-DigitalTests.release.xcconfig"; sourceTree = "<group>"; };
		2E1D79611EB260550047022A /* Digital.entitlements */ = {isa = PBXFileReference; lastKnownFileType = text.plist.entitlements; path = Digital.entitlements; sourceTree = "<group>"; };
		2E1D79621EB260970047022A /* GoogleService-Info.plist */ = {isa = PBXFileReference; fileEncoding = 4; lastKnownFileType = text.plist.xml; path = "GoogleService-Info.plist"; sourceTree = "<group>"; };
		2E2173DD1E8D68C1003B6A75 /* MainTabBarController.swift */ = {isa = PBXFileReference; fileEncoding = 4; lastKnownFileType = sourcecode.swift; path = MainTabBarController.swift; sourceTree = "<group>"; };
		2E2173DF1E8D6971003B6A75 /* UserProfileController.swift */ = {isa = PBXFileReference; fileEncoding = 4; lastKnownFileType = sourcecode.swift; path = UserProfileController.swift; sourceTree = "<group>"; };
		2E2173E61E8DB34D003B6A75 /* Digital-Bridging-Header.h */ = {isa = PBXFileReference; lastKnownFileType = sourcecode.c.h; path = "Digital-Bridging-Header.h"; sourceTree = "<group>"; };
		2E2540EF1EC7BF13005D0751 /* PhotoViewController.swift */ = {isa = PBXFileReference; fileEncoding = 4; lastKnownFileType = sourcecode.swift; path = PhotoViewController.swift; sourceTree = "<group>"; };
		2E2540F01EC7BF13005D0751 /* SwiftyRecordButton.swift */ = {isa = PBXFileReference; fileEncoding = 4; lastKnownFileType = sourcecode.swift; path = SwiftyRecordButton.swift; sourceTree = "<group>"; };
		2E2540F11EC7BF13005D0751 /* VideoViewController.swift */ = {isa = PBXFileReference; fileEncoding = 4; lastKnownFileType = sourcecode.swift; path = VideoViewController.swift; sourceTree = "<group>"; };
		2E2540F21EC7BF13005D0751 /* CameraViewController.swift */ = {isa = PBXFileReference; fileEncoding = 4; lastKnownFileType = sourcecode.swift; path = CameraViewController.swift; sourceTree = "<group>"; };
		2E2541111EC7BF46005D0751 /* PreviewView.swift */ = {isa = PBXFileReference; fileEncoding = 4; lastKnownFileType = sourcecode.swift; path = PreviewView.swift; sourceTree = "<group>"; };
		2E2541121EC7BF46005D0751 /* SwiftyCamButton.swift */ = {isa = PBXFileReference; fileEncoding = 4; lastKnownFileType = sourcecode.swift; path = SwiftyCamButton.swift; sourceTree = "<group>"; };
		2E2541131EC7BF46005D0751 /* SwiftyCamViewController.swift */ = {isa = PBXFileReference; fileEncoding = 4; lastKnownFileType = sourcecode.swift; path = SwiftyCamViewController.swift; sourceTree = "<group>"; };
		2E2541141EC7BF46005D0751 /* SwiftyCamViewControllerDelegate.swift */ = {isa = PBXFileReference; fileEncoding = 4; lastKnownFileType = sourcecode.swift; path = SwiftyCamViewControllerDelegate.swift; sourceTree = "<group>"; };
		2E25411B1EC81916005D0751 /* VideoPlayer.swift */ = {isa = PBXFileReference; fileEncoding = 4; lastKnownFileType = sourcecode.swift; path = VideoPlayer.swift; sourceTree = "<group>"; };
		2E36675E1E916F6000ADBE83 /* LoginController.swift */ = {isa = PBXFileReference; fileEncoding = 4; lastKnownFileType = sourcecode.swift; path = LoginController.swift; sourceTree = "<group>"; };
		2E4B887E1E9D3D9900315465 /* SharePhotoController.swift */ = {isa = PBXFileReference; fileEncoding = 4; lastKnownFileType = sourcecode.swift; path = SharePhotoController.swift; sourceTree = "<group>"; };
		2E5095FC1EA7C3C300F07EE2 /* CustomImageView.swift */ = {isa = PBXFileReference; fileEncoding = 4; lastKnownFileType = sourcecode.swift; path = CustomImageView.swift; sourceTree = "<group>"; };
		2E69F1AC1E8EB37600AD8CF8 /* UserProfileHeader.swift */ = {isa = PBXFileReference; fileEncoding = 4; lastKnownFileType = sourcecode.swift; path = UserProfileHeader.swift; sourceTree = "<group>"; };
		2E79A26E1EAE5145004AF73D /* FirebaseUtils.swift */ = {isa = PBXFileReference; fileEncoding = 4; lastKnownFileType = sourcecode.swift; path = FirebaseUtils.swift; sourceTree = "<group>"; };
		2E79A2AE1EAF99ED004AF73D /* UserSearchController.swift */ = {isa = PBXFileReference; fileEncoding = 4; lastKnownFileType = sourcecode.swift; path = UserSearchController.swift; sourceTree = "<group>"; };
		2E79A2B01EAF9CB0004AF73D /* UserSearchCell.swift */ = {isa = PBXFileReference; fileEncoding = 4; lastKnownFileType = sourcecode.swift; path = UserSearchCell.swift; sourceTree = "<group>"; };
		2E87C5C71EAA519F006332A7 /* HomeController.swift */ = {isa = PBXFileReference; fileEncoding = 4; lastKnownFileType = sourcecode.swift; path = HomeController.swift; sourceTree = "<group>"; };
		2E87C5C91EAA52AF006332A7 /* HomePostCell.swift */ = {isa = PBXFileReference; fileEncoding = 4; lastKnownFileType = sourcecode.swift; path = HomePostCell.swift; sourceTree = "<group>"; };
		2EA7E8CE1E98004B0015C315 /* PhotoSelectorCell.swift */ = {isa = PBXFileReference; fileEncoding = 4; lastKnownFileType = sourcecode.swift; path = PhotoSelectorCell.swift; sourceTree = "<group>"; };
		2EA853841E96BB83009929A6 /* PhotoSelectorController.swift */ = {isa = PBXFileReference; fileEncoding = 4; lastKnownFileType = sourcecode.swift; path = PhotoSelectorController.swift; sourceTree = "<group>"; };
		2EC306771EC0BE580070C88A /* CameraController.swift */ = {isa = PBXFileReference; fileEncoding = 4; lastKnownFileType = sourcecode.swift; path = CameraController.swift; sourceTree = "<group>"; };
		2EC306A61EC503860070C88A /* PreviewPhotoContainerView.swift */ = {isa = PBXFileReference; fileEncoding = 4; lastKnownFileType = sourcecode.swift; path = PreviewPhotoContainerView.swift; sourceTree = "<group>"; };
		2EC306AD1EC6015A0070C88A /* CustomAnimationPresentor.swift */ = {isa = PBXFileReference; fileEncoding = 4; lastKnownFileType = sourcecode.swift; path = CustomAnimationPresentor.swift; sourceTree = "<group>"; };
		2EC306AF1EC6059E0070C88A /* CustomAnimationDismisser.swift */ = {isa = PBXFileReference; fileEncoding = 4; lastKnownFileType = sourcecode.swift; path = CustomAnimationDismisser.swift; sourceTree = "<group>"; };
		2EC306B51EC762900070C88A /* CommentsController.swift */ = {isa = PBXFileReference; fileEncoding = 4; lastKnownFileType = sourcecode.swift; path = CommentsController.swift; sourceTree = "<group>"; };
		2EC7E6931E99639B00ECC46B /* PhotoSelectorHeader.swift */ = {isa = PBXFileReference; fileEncoding = 4; lastKnownFileType = sourcecode.swift; path = PhotoSelectorHeader.swift; sourceTree = "<group>"; };
		2ECB66971EABA5CE00F4E117 /* User.swift */ = {isa = PBXFileReference; fileEncoding = 4; lastKnownFileType = sourcecode.swift; path = User.swift; sourceTree = "<group>"; };
		2EDE92171E8A05900021334D /* MenuViewController.swift */ = {isa = PBXFileReference; fileEncoding = 4; lastKnownFileType = sourcecode.swift; path = MenuViewController.swift; sourceTree = "<group>"; };
		2EDE92191E8A09DA0021334D /* Menu.swift */ = {isa = PBXFileReference; fileEncoding = 4; lastKnownFileType = sourcecode.swift; path = Menu.swift; sourceTree = "<group>"; };
		2EED35A31EA270C000906D6D /* Post.swift */ = {isa = PBXFileReference; fileEncoding = 4; lastKnownFileType = sourcecode.swift; path = Post.swift; sourceTree = "<group>"; };
		2EED35A51EA2726A00906D6D /* UserProfilePhotoCell.swift */ = {isa = PBXFileReference; fileEncoding = 4; lastKnownFileType = sourcecode.swift; path = UserProfilePhotoCell.swift; sourceTree = "<group>"; };
		2EF90AE71E88C1E000F542C8 /* Digital.app */ = {isa = PBXFileReference; explicitFileType = wrapper.application; includeInIndex = 0; path = Digital.app; sourceTree = BUILT_PRODUCTS_DIR; };
		2EF90AEA1E88C1E000F542C8 /* AppDelegate.swift */ = {isa = PBXFileReference; lastKnownFileType = sourcecode.swift; path = AppDelegate.swift; sourceTree = "<group>"; };
		2EF90AEC1E88C1E000F542C8 /* SignUpController.swift */ = {isa = PBXFileReference; lastKnownFileType = sourcecode.swift; path = SignUpController.swift; sourceTree = "<group>"; };
		2EF90AEF1E88C1E000F542C8 /* Base */ = {isa = PBXFileReference; lastKnownFileType = file.storyboard; name = Base; path = Base.lproj/Main.storyboard; sourceTree = "<group>"; };
		2EF90AF11E88C1E000F542C8 /* Assets.xcassets */ = {isa = PBXFileReference; lastKnownFileType = folder.assetcatalog; path = Assets.xcassets; sourceTree = "<group>"; };
		2EF90AF41E88C1E000F542C8 /* Base */ = {isa = PBXFileReference; lastKnownFileType = file.storyboard; name = Base; path = Base.lproj/LaunchScreen.storyboard; sourceTree = "<group>"; };
		2EF90AF61E88C1E000F542C8 /* Info.plist */ = {isa = PBXFileReference; lastKnownFileType = text.plist.xml; path = Info.plist; sourceTree = "<group>"; };
		2EF90AFB1E88C1E000F542C8 /* DigitalTests.xctest */ = {isa = PBXFileReference; explicitFileType = wrapper.cfbundle; includeInIndex = 0; path = DigitalTests.xctest; sourceTree = BUILT_PRODUCTS_DIR; };
		2EF90AFF1E88C1E000F542C8 /* DigitalTests.swift */ = {isa = PBXFileReference; lastKnownFileType = sourcecode.swift; path = DigitalTests.swift; sourceTree = "<group>"; };
		2EF90B011E88C1E000F542C8 /* Info.plist */ = {isa = PBXFileReference; lastKnownFileType = text.plist.xml; path = Info.plist; sourceTree = "<group>"; };
		2EF90B061E88C1E000F542C8 /* DigitalUITests.xctest */ = {isa = PBXFileReference; explicitFileType = wrapper.cfbundle; includeInIndex = 0; path = DigitalUITests.xctest; sourceTree = BUILT_PRODUCTS_DIR; };
		2EF90B0A1E88C1E000F542C8 /* DigitalUITests.swift */ = {isa = PBXFileReference; lastKnownFileType = sourcecode.swift; path = DigitalUITests.swift; sourceTree = "<group>"; };
		2EF90B0C1E88C1E000F542C8 /* Info.plist */ = {isa = PBXFileReference; lastKnownFileType = text.plist.xml; path = Info.plist; sourceTree = "<group>"; };
		2EF90B191E899F7D00F542C8 /* Extensions.swift */ = {isa = PBXFileReference; fileEncoding = 4; lastKnownFileType = sourcecode.swift; path = Extensions.swift; sourceTree = "<group>"; };
		819A240CD270842EC881D9F5 /* Pods-Digital.debug.xcconfig */ = {isa = PBXFileReference; includeInIndex = 1; lastKnownFileType = text.xcconfig; name = "Pods-Digital.debug.xcconfig"; path = "Pods/Target Support Files/Pods-Digital/Pods-Digital.debug.xcconfig"; sourceTree = "<group>"; };
		8B888A4BB854AD0280AC7DF6 /* Pods-DigitalUITests.release.xcconfig */ = {isa = PBXFileReference; includeInIndex = 1; lastKnownFileType = text.xcconfig; name = "Pods-DigitalUITests.release.xcconfig"; path = "Pods/Target Support Files/Pods-DigitalUITests/Pods-DigitalUITests.release.xcconfig"; sourceTree = "<group>"; };
		8DB01C190F1F4C51EEA8EE23 /* Pods_Digital.framework */ = {isa = PBXFileReference; explicitFileType = wrapper.framework; includeInIndex = 0; path = Pods_Digital.framework; sourceTree = BUILT_PRODUCTS_DIR; };
		91160494E84D9E8907C742A0 /* Pods_DigitalTests.framework */ = {isa = PBXFileReference; explicitFileType = wrapper.framework; includeInIndex = 0; path = Pods_DigitalTests.framework; sourceTree = BUILT_PRODUCTS_DIR; };
		9536F1B3AE9A7112BF534F1C /* Pods-DigitalTests.debug.xcconfig */ = {isa = PBXFileReference; includeInIndex = 1; lastKnownFileType = text.xcconfig; name = "Pods-DigitalTests.debug.xcconfig"; path = "Pods/Target Support Files/Pods-DigitalTests/Pods-DigitalTests.debug.xcconfig"; sourceTree = "<group>"; };
		A5DA87EF31B985001576D33D /* Pods-Digital.release.xcconfig */ = {isa = PBXFileReference; includeInIndex = 1; lastKnownFileType = text.xcconfig; name = "Pods-Digital.release.xcconfig"; path = "Pods/Target Support Files/Pods-Digital/Pods-Digital.release.xcconfig"; sourceTree = "<group>"; };
		E97A6D21371D376571B481B7 /* Pods_DigitalUITests.framework */ = {isa = PBXFileReference; explicitFileType = wrapper.framework; includeInIndex = 0; path = Pods_DigitalUITests.framework; sourceTree = BUILT_PRODUCTS_DIR; };
/* End PBXFileReference section */

/* Begin PBXFrameworksBuildPhase section */
		2EF90AE41E88C1E000F542C8 /* Frameworks */ = {
			isa = PBXFrameworksBuildPhase;
			buildActionMask = 2147483647;
			files = (
				811FF7A439951D491F05C0C5 /* Pods_Digital.framework in Frameworks */,
			);
			runOnlyForDeploymentPostprocessing = 0;
		};
		2EF90AF81E88C1E000F542C8 /* Frameworks */ = {
			isa = PBXFrameworksBuildPhase;
			buildActionMask = 2147483647;
			files = (
				62C041434638A127B7697CA4 /* Pods_DigitalTests.framework in Frameworks */,
			);
			runOnlyForDeploymentPostprocessing = 0;
		};
		2EF90B031E88C1E000F542C8 /* Frameworks */ = {
			isa = PBXFrameworksBuildPhase;
			buildActionMask = 2147483647;
			files = (
				F8CEE66807621AFC01832E41 /* Pods_DigitalUITests.framework in Frameworks */,
			);
			runOnlyForDeploymentPostprocessing = 0;
		};
/* End PBXFrameworksBuildPhase section */

/* Begin PBXGroup section */
		2E2173E11E8D6993003B6A75 /* Model */ = {
			isa = PBXGroup;
			children = (
				2EED35A31EA270C000906D6D /* Post.swift */,
				2ECB66971EABA5CE00F4E117 /* User.swift */,
			);
			name = Model;
			sourceTree = "<group>";
		};
		2E2173E21E8D6998003B6A75 /* View */ = {
			isa = PBXGroup;
			children = (
			);
			name = View;
			sourceTree = "<group>";
		};
		2E2173E31E8D699B003B6A75 /* Controller */ = {
			isa = PBXGroup;
			children = (
				2EDE92171E8A05900021334D /* MenuViewController.swift */,
				2E2173DD1E8D68C1003B6A75 /* MainTabBarController.swift */,
			);
			name = Controller;
			sourceTree = "<group>";
		};
		2E2173E41E8DB257003B6A75 /* OldCamera */ = {
			isa = PBXGroup;
			children = (
				2EC306771EC0BE580070C88A /* CameraController.swift */,
				2EC306A61EC503860070C88A /* PreviewPhotoContainerView.swift */,
				2EC306AD1EC6015A0070C88A /* CustomAnimationPresentor.swift */,
				2EC306AF1EC6059E0070C88A /* CustomAnimationDismisser.swift */,
			);
			name = OldCamera;
			sourceTree = "<group>";
		};
		2E2540E61EC7BEDA005D0751 /* Source */ = {
			isa = PBXGroup;
			children = (
				2E2541111EC7BF46005D0751 /* PreviewView.swift */,
				2E2541121EC7BF46005D0751 /* SwiftyCamButton.swift */,
				2E2541131EC7BF46005D0751 /* SwiftyCamViewController.swift */,
				2E2541141EC7BF46005D0751 /* SwiftyCamViewControllerDelegate.swift */,
			);
			name = Source;
			path = ..;
			sourceTree = "<group>";
		};
		2E2540E71EC7BF13005D0751 /* Camera */ = {
			isa = PBXGroup;
			children = (
				2E2540E61EC7BEDA005D0751 /* Source */,
				2E2540EF1EC7BF13005D0751 /* PhotoViewController.swift */,
				2E2540F01EC7BF13005D0751 /* SwiftyRecordButton.swift */,
				2E2540F11EC7BF13005D0751 /* VideoViewController.swift */,
				2E2540F21EC7BF13005D0751 /* CameraViewController.swift */,
			);
			name = Camera;
			path = DemoSwiftyCam;
			sourceTree = "<group>";
		};
		2E36675D1E916F5100ADBE83 /* Login */ = {
			isa = PBXGroup;
			children = (
				2E36675E1E916F6000ADBE83 /* LoginController.swift */,
				2EF90AEC1E88C1E000F542C8 /* SignUpController.swift */,
			);
			name = Login;
			sourceTree = "<group>";
		};
		2E69F1AB1E8EB36500AD8CF8 /* UserProfile */ = {
			isa = PBXGroup;
			children = (
				2E2173DF1E8D6971003B6A75 /* UserProfileController.swift */,
				2E69F1AC1E8EB37600AD8CF8 /* UserProfileHeader.swift */,
				2EED35A51EA2726A00906D6D /* UserProfilePhotoCell.swift */,
			);
			name = UserProfile;
			sourceTree = "<group>";
		};
		2E79A2AD1EAF99D8004AF73D /* Search */ = {
			isa = PBXGroup;
			children = (
				2E79A2AE1EAF99ED004AF73D /* UserSearchController.swift */,
				2E79A2B01EAF9CB0004AF73D /* UserSearchCell.swift */,
			);
			name = Search;
			sourceTree = "<group>";
		};
		2E87C5C61EAA5192006332A7 /* Home */ = {
			isa = PBXGroup;
			children = (
				2E87C5C71EAA519F006332A7 /* HomeController.swift */,
				2E87C5C91EAA52AF006332A7 /* HomePostCell.swift */,
			);
			name = Home;
			sourceTree = "<group>";
		};
		2EA853811E96BB5C009929A6 /* AddPhoto */ = {
			isa = PBXGroup;
			children = (
				2EA853841E96BB83009929A6 /* PhotoSelectorController.swift */,
				2EA7E8CE1E98004B0015C315 /* PhotoSelectorCell.swift */,
				2EC7E6931E99639B00ECC46B /* PhotoSelectorHeader.swift */,
				2E4B887E1E9D3D9900315465 /* SharePhotoController.swift */,
			);
			name = AddPhoto;
			sourceTree = "<group>";
		};
		2EC306B41EC7624E0070C88A /* Comment */ = {
			isa = PBXGroup;
			children = (
				2EC306B51EC762900070C88A /* CommentsController.swift */,
			);
			name = Comment;
			sourceTree = "<group>";
		};
		2EF90ADE1E88C1E000F542C8 = {
			isa = PBXGroup;
			children = (
				2EF90AE91E88C1E000F542C8 /* Digital */,
				2EF90AFE1E88C1E000F542C8 /* DigitalTests */,
				2EF90B091E88C1E000F542C8 /* DigitalUITests */,
				2EF90AE81E88C1E000F542C8 /* Products */,
				BB070C0A11CB3066FA76767D /* Pods */,
				B71BAA5D82BB89C887F5B770 /* Frameworks */,
			);
			sourceTree = "<group>";
		};
		2EF90AE81E88C1E000F542C8 /* Products */ = {
			isa = PBXGroup;
			children = (
				2EF90AE71E88C1E000F542C8 /* Digital.app */,
				2EF90AFB1E88C1E000F542C8 /* DigitalTests.xctest */,
				2EF90B061E88C1E000F542C8 /* DigitalUITests.xctest */,
			);
			name = Products;
			sourceTree = "<group>";
		};
		2EF90AE91E88C1E000F542C8 /* Digital */ = {
			isa = PBXGroup;
			children = (
				2E2540E71EC7BF13005D0751 /* Camera */,
				2EC306B41EC7624E0070C88A /* Comment */,
				2E1D79611EB260550047022A /* Digital.entitlements */,
				2E79A2AD1EAF99D8004AF73D /* Search */,
				2E87C5C61EAA5192006332A7 /* Home */,
				2EA853811E96BB5C009929A6 /* AddPhoto */,
				2E36675D1E916F5100ADBE83 /* Login */,
				2E69F1AB1E8EB36500AD8CF8 /* UserProfile */,
				2E2173E61E8DB34D003B6A75 /* Digital-Bridging-Header.h */,
				2E2173E41E8DB257003B6A75 /* OldCamera */,
				2E2173E31E8D699B003B6A75 /* Controller */,
				2E2173E21E8D6998003B6A75 /* View */,
				2E2173E11E8D6993003B6A75 /* Model */,
				2EF90B181E899F7200F542C8 /* Utils */,
				2EF90AEA1E88C1E000F542C8 /* AppDelegate.swift */,
				2EF90AEE1E88C1E000F542C8 /* Main.storyboard */,
				2EF90AF11E88C1E000F542C8 /* Assets.xcassets */,
				2EF90AF31E88C1E000F542C8 /* LaunchScreen.storyboard */,
				2EF90AF61E88C1E000F542C8 /* Info.plist */,
				2EDE92191E8A09DA0021334D /* Menu.swift */,
				2E1D79621EB260970047022A /* GoogleService-Info.plist */,
				2E25411B1EC81916005D0751 /* VideoPlayer.swift */,
			);
			path = Digital;
			sourceTree = "<group>";
		};
		2EF90AFE1E88C1E000F542C8 /* DigitalTests */ = {
			isa = PBXGroup;
			children = (
				2EF90AFF1E88C1E000F542C8 /* DigitalTests.swift */,
				2EF90B011E88C1E000F542C8 /* Info.plist */,
			);
			path = DigitalTests;
			sourceTree = "<group>";
		};
		2EF90B091E88C1E000F542C8 /* DigitalUITests */ = {
			isa = PBXGroup;
			children = (
				2EF90B0A1E88C1E000F542C8 /* DigitalUITests.swift */,
				2EF90B0C1E88C1E000F542C8 /* Info.plist */,
			);
			path = DigitalUITests;
			sourceTree = "<group>";
		};
		2EF90B181E899F7200F542C8 /* Utils */ = {
			isa = PBXGroup;
			children = (
				2EF90B191E899F7D00F542C8 /* Extensions.swift */,
				2E5095FC1EA7C3C300F07EE2 /* CustomImageView.swift */,
				2E79A26E1EAE5145004AF73D /* FirebaseUtils.swift */,
			);
			name = Utils;
			sourceTree = "<group>";
		};
		B71BAA5D82BB89C887F5B770 /* Frameworks */ = {
			isa = PBXGroup;
			children = (
				8DB01C190F1F4C51EEA8EE23 /* Pods_Digital.framework */,
				91160494E84D9E8907C742A0 /* Pods_DigitalTests.framework */,
				E97A6D21371D376571B481B7 /* Pods_DigitalUITests.framework */,
			);
			name = Frameworks;
			sourceTree = "<group>";
		};
		BB070C0A11CB3066FA76767D /* Pods */ = {
			isa = PBXGroup;
			children = (
				819A240CD270842EC881D9F5 /* Pods-Digital.debug.xcconfig */,
				A5DA87EF31B985001576D33D /* Pods-Digital.release.xcconfig */,
				9536F1B3AE9A7112BF534F1C /* Pods-DigitalTests.debug.xcconfig */,
				2CE1F985FEBCF7A05811F6AA /* Pods-DigitalTests.release.xcconfig */,
				1AA382F650413212CC075616 /* Pods-DigitalUITests.debug.xcconfig */,
				8B888A4BB854AD0280AC7DF6 /* Pods-DigitalUITests.release.xcconfig */,
			);
			name = Pods;
			sourceTree = "<group>";
		};
/* End PBXGroup section */

/* Begin PBXNativeTarget section */
		2EF90AE61E88C1E000F542C8 /* Digital */ = {
			isa = PBXNativeTarget;
			buildConfigurationList = 2EF90B0F1E88C1E000F542C8 /* Build configuration list for PBXNativeTarget "Digital" */;
			buildPhases = (
				4642E194ABE9239F8AF642E7 /* [CP] Check Pods Manifest.lock */,
				2EF90AE31E88C1E000F542C8 /* Sources */,
				2EF90AE41E88C1E000F542C8 /* Frameworks */,
				2EF90AE51E88C1E000F542C8 /* Resources */,
				9B236DCCDAC87E88BFD09957 /* [CP] Embed Pods Frameworks */,
				C8D0173A93F6AE0153150699 /* [CP] Copy Pods Resources */,
				2E8CF0421EAAEC22002D180B /* ShellScript */,
			);
			buildRules = (
			);
			dependencies = (
			);
			name = Digital;
			productName = Digital;
			productReference = 2EF90AE71E88C1E000F542C8 /* Digital.app */;
			productType = "com.apple.product-type.application";
		};
		2EF90AFA1E88C1E000F542C8 /* DigitalTests */ = {
			isa = PBXNativeTarget;
			buildConfigurationList = 2EF90B121E88C1E000F542C8 /* Build configuration list for PBXNativeTarget "DigitalTests" */;
			buildPhases = (
				63FEC1DF797B40F30A12D4FD /* [CP] Check Pods Manifest.lock */,
				2EF90AF71E88C1E000F542C8 /* Sources */,
				2EF90AF81E88C1E000F542C8 /* Frameworks */,
				2EF90AF91E88C1E000F542C8 /* Resources */,
				20891DE16D304A151C8D0B8C /* [CP] Embed Pods Frameworks */,
				BBEA452D86E5BDB475208EBC /* [CP] Copy Pods Resources */,
			);
			buildRules = (
			);
			dependencies = (
				2EF90AFD1E88C1E000F542C8 /* PBXTargetDependency */,
			);
			name = DigitalTests;
			productName = DigitalTests;
			productReference = 2EF90AFB1E88C1E000F542C8 /* DigitalTests.xctest */;
			productType = "com.apple.product-type.bundle.unit-test";
		};
		2EF90B051E88C1E000F542C8 /* DigitalUITests */ = {
			isa = PBXNativeTarget;
			buildConfigurationList = 2EF90B151E88C1E000F542C8 /* Build configuration list for PBXNativeTarget "DigitalUITests" */;
			buildPhases = (
				4368C5D7D420B70F31D42D8D /* [CP] Check Pods Manifest.lock */,
				2EF90B021E88C1E000F542C8 /* Sources */,
				2EF90B031E88C1E000F542C8 /* Frameworks */,
				2EF90B041E88C1E000F542C8 /* Resources */,
				F983F0A3C741281D5ED2843C /* [CP] Embed Pods Frameworks */,
				4CFFF287CF65918ADC3CBE00 /* [CP] Copy Pods Resources */,
			);
			buildRules = (
			);
			dependencies = (
				2EF90B081E88C1E000F542C8 /* PBXTargetDependency */,
			);
			name = DigitalUITests;
			productName = DigitalUITests;
			productReference = 2EF90B061E88C1E000F542C8 /* DigitalUITests.xctest */;
			productType = "com.apple.product-type.bundle.ui-testing";
		};
/* End PBXNativeTarget section */

/* Begin PBXProject section */
		2EF90ADF1E88C1E000F542C8 /* Project object */ = {
			isa = PBXProject;
			attributes = {
				LastSwiftUpdateCheck = 0820;
				LastUpgradeCheck = 0820;
				ORGANIZATIONNAME = Andryuschenko;
				TargetAttributes = {
					2EF90AE61E88C1E000F542C8 = {
						CreatedOnToolsVersion = 8.2.1;
						DevelopmentTeam = 523V3UVQR9;
						LastSwiftMigration = 0820;
						ProvisioningStyle = Automatic;
						SystemCapabilities = {
							com.apple.BackgroundModes = {
								enabled = 1;
							};
							com.apple.Push = {
								enabled = 1;
							};
						};
					};
					2EF90AFA1E88C1E000F542C8 = {
						CreatedOnToolsVersion = 8.2.1;
						DevelopmentTeam = BLYGK7F49E;
						ProvisioningStyle = Automatic;
						TestTargetID = 2EF90AE61E88C1E000F542C8;
					};
					2EF90B051E88C1E000F542C8 = {
						CreatedOnToolsVersion = 8.2.1;
						DevelopmentTeam = BLYGK7F49E;
						ProvisioningStyle = Automatic;
						TestTargetID = 2EF90AE61E88C1E000F542C8;
					};
				};
			};
			buildConfigurationList = 2EF90AE21E88C1E000F542C8 /* Build configuration list for PBXProject "Digital" */;
			compatibilityVersion = "Xcode 3.2";
			developmentRegion = English;
			hasScannedForEncodings = 0;
			knownRegions = (
				en,
				Base,
			);
			mainGroup = 2EF90ADE1E88C1E000F542C8;
			productRefGroup = 2EF90AE81E88C1E000F542C8 /* Products */;
			projectDirPath = "";
			projectRoot = "";
			targets = (
				2EF90AE61E88C1E000F542C8 /* Digital */,
				2EF90AFA1E88C1E000F542C8 /* DigitalTests */,
				2EF90B051E88C1E000F542C8 /* DigitalUITests */,
			);
		};
/* End PBXProject section */

/* Begin PBXResourcesBuildPhase section */
		2EF90AE51E88C1E000F542C8 /* Resources */ = {
			isa = PBXResourcesBuildPhase;
			buildActionMask = 2147483647;
			files = (
				2EF90AF51E88C1E000F542C8 /* LaunchScreen.storyboard in Resources */,
				2E1D79631EB260970047022A /* GoogleService-Info.plist in Resources */,
				2EF90AF21E88C1E000F542C8 /* Assets.xcassets in Resources */,
				2EF90AF01E88C1E000F542C8 /* Main.storyboard in Resources */,
			);
			runOnlyForDeploymentPostprocessing = 0;
		};
		2EF90AF91E88C1E000F542C8 /* Resources */ = {
			isa = PBXResourcesBuildPhase;
			buildActionMask = 2147483647;
			files = (
			);
			runOnlyForDeploymentPostprocessing = 0;
		};
		2EF90B041E88C1E000F542C8 /* Resources */ = {
			isa = PBXResourcesBuildPhase;
			buildActionMask = 2147483647;
			files = (
			);
			runOnlyForDeploymentPostprocessing = 0;
		};
/* End PBXResourcesBuildPhase section */

/* Begin PBXShellScriptBuildPhase section */
		20891DE16D304A151C8D0B8C /* [CP] Embed Pods Frameworks */ = {
			isa = PBXShellScriptBuildPhase;
			buildActionMask = 2147483647;
			files = (
			);
			inputPaths = (
			);
			name = "[CP] Embed Pods Frameworks";
			outputPaths = (
			);
			runOnlyForDeploymentPostprocessing = 0;
			shellPath = /bin/sh;
			shellScript = "\"${SRCROOT}/Pods/Target Support Files/Pods-DigitalTests/Pods-DigitalTests-frameworks.sh\"\n";
			showEnvVarsInLog = 0;
		};
		2E8CF0421EAAEC22002D180B /* ShellScript */ = {
			isa = PBXShellScriptBuildPhase;
			buildActionMask = 2147483647;
			files = (
			);
			inputPaths = (
			);
			outputPaths = (
			);
			runOnlyForDeploymentPostprocessing = 0;
			shellPath = /bin/sh;
			shellScript = "\"${PODS_ROOT}/Fabric/run\" 895c14a92e0bca14514cff85e677db6f6b8e637f 6d3d456dc27ca82c6240191a8df2b1a7e06712a5c09436b7083fb28fb39e7239";
		};
		4368C5D7D420B70F31D42D8D /* [CP] Check Pods Manifest.lock */ = {
			isa = PBXShellScriptBuildPhase;
			buildActionMask = 2147483647;
			files = (
			);
			inputPaths = (
			);
			name = "[CP] Check Pods Manifest.lock";
			outputPaths = (
			);
			runOnlyForDeploymentPostprocessing = 0;
			shellPath = /bin/sh;
			shellScript = "diff \"${PODS_ROOT}/../Podfile.lock\" \"${PODS_ROOT}/Manifest.lock\" > /dev/null\nif [ $? != 0 ] ; then\n    # print error to STDERR\n    echo \"error: The sandbox is not in sync with the Podfile.lock. Run 'pod install' or update your CocoaPods installation.\" >&2\n    exit 1\nfi\n";
			showEnvVarsInLog = 0;
		};
		4642E194ABE9239F8AF642E7 /* [CP] Check Pods Manifest.lock */ = {
			isa = PBXShellScriptBuildPhase;
			buildActionMask = 2147483647;
			files = (
			);
			inputPaths = (
			);
			name = "[CP] Check Pods Manifest.lock";
			outputPaths = (
			);
			runOnlyForDeploymentPostprocessing = 0;
			shellPath = /bin/sh;
			shellScript = "diff \"${PODS_ROOT}/../Podfile.lock\" \"${PODS_ROOT}/Manifest.lock\" > /dev/null\nif [ $? != 0 ] ; then\n    # print error to STDERR\n    echo \"error: The sandbox is not in sync with the Podfile.lock. Run 'pod install' or update your CocoaPods installation.\" >&2\n    exit 1\nfi\n";
			showEnvVarsInLog = 0;
		};
		4CFFF287CF65918ADC3CBE00 /* [CP] Copy Pods Resources */ = {
			isa = PBXShellScriptBuildPhase;
			buildActionMask = 2147483647;
			files = (
			);
			inputPaths = (
			);
			name = "[CP] Copy Pods Resources";
			outputPaths = (
			);
			runOnlyForDeploymentPostprocessing = 0;
			shellPath = /bin/sh;
			shellScript = "\"${SRCROOT}/Pods/Target Support Files/Pods-DigitalUITests/Pods-DigitalUITests-resources.sh\"\n";
			showEnvVarsInLog = 0;
		};
		63FEC1DF797B40F30A12D4FD /* [CP] Check Pods Manifest.lock */ = {
			isa = PBXShellScriptBuildPhase;
			buildActionMask = 2147483647;
			files = (
			);
			inputPaths = (
			);
			name = "[CP] Check Pods Manifest.lock";
			outputPaths = (
			);
			runOnlyForDeploymentPostprocessing = 0;
			shellPath = /bin/sh;
			shellScript = "diff \"${PODS_ROOT}/../Podfile.lock\" \"${PODS_ROOT}/Manifest.lock\" > /dev/null\nif [ $? != 0 ] ; then\n    # print error to STDERR\n    echo \"error: The sandbox is not in sync with the Podfile.lock. Run 'pod install' or update your CocoaPods installation.\" >&2\n    exit 1\nfi\n";
			showEnvVarsInLog = 0;
		};
		9B236DCCDAC87E88BFD09957 /* [CP] Embed Pods Frameworks */ = {
			isa = PBXShellScriptBuildPhase;
			buildActionMask = 2147483647;
			files = (
			);
			inputPaths = (
			);
			name = "[CP] Embed Pods Frameworks";
			outputPaths = (
			);
			runOnlyForDeploymentPostprocessing = 0;
			shellPath = /bin/sh;
			shellScript = "\"${SRCROOT}/Pods/Target Support Files/Pods-Digital/Pods-Digital-frameworks.sh\"\n";
			showEnvVarsInLog = 0;
		};
		BBEA452D86E5BDB475208EBC /* [CP] Copy Pods Resources */ = {
			isa = PBXShellScriptBuildPhase;
			buildActionMask = 2147483647;
			files = (
			);
			inputPaths = (
			);
			name = "[CP] Copy Pods Resources";
			outputPaths = (
			);
			runOnlyForDeploymentPostprocessing = 0;
			shellPath = /bin/sh;
			shellScript = "\"${SRCROOT}/Pods/Target Support Files/Pods-DigitalTests/Pods-DigitalTests-resources.sh\"\n";
			showEnvVarsInLog = 0;
		};
		C8D0173A93F6AE0153150699 /* [CP] Copy Pods Resources */ = {
			isa = PBXShellScriptBuildPhase;
			buildActionMask = 2147483647;
			files = (
			);
			inputPaths = (
			);
			name = "[CP] Copy Pods Resources";
			outputPaths = (
			);
			runOnlyForDeploymentPostprocessing = 0;
			shellPath = /bin/sh;
			shellScript = "\"${SRCROOT}/Pods/Target Support Files/Pods-Digital/Pods-Digital-resources.sh\"\n";
			showEnvVarsInLog = 0;
		};
		F983F0A3C741281D5ED2843C /* [CP] Embed Pods Frameworks */ = {
			isa = PBXShellScriptBuildPhase;
			buildActionMask = 2147483647;
			files = (
			);
			inputPaths = (
			);
			name = "[CP] Embed Pods Frameworks";
			outputPaths = (
			);
			runOnlyForDeploymentPostprocessing = 0;
			shellPath = /bin/sh;
			shellScript = "\"${SRCROOT}/Pods/Target Support Files/Pods-DigitalUITests/Pods-DigitalUITests-frameworks.sh\"\n";
			showEnvVarsInLog = 0;
		};
/* End PBXShellScriptBuildPhase section */

/* Begin PBXSourcesBuildPhase section */
		2EF90AE31E88C1E000F542C8 /* Sources */ = {
			isa = PBXSourcesBuildPhase;
			buildActionMask = 2147483647;
			files = (
				2E2540F81EC7BF13005D0751 /* PhotoViewController.swift in Sources */,
				2E79A26F1EAE5145004AF73D /* FirebaseUtils.swift in Sources */,
				2EC306781EC0BE580070C88A /* CameraController.swift in Sources */,
				2EF90AED1E88C1E000F542C8 /* SignUpController.swift in Sources */,
				2EF90B1A1E899F7D00F542C8 /* Extensions.swift in Sources */,
				2E87C5C81EAA519F006332A7 /* HomeController.swift in Sources */,
				2E2540FA1EC7BF13005D0751 /* VideoViewController.swift in Sources */,
				2E79A2AF1EAF99ED004AF73D /* UserSearchController.swift in Sources */,
				2E25411C1EC81916005D0751 /* VideoPlayer.swift in Sources */,
				2E79A2B11EAF9CB0004AF73D /* UserSearchCell.swift in Sources */,
				2E2541151EC7BF46005D0751 /* PreviewView.swift in Sources */,
				2E36675F1E916F6000ADBE83 /* LoginController.swift in Sources */,
				2E2540F91EC7BF13005D0751 /* SwiftyRecordButton.swift in Sources */,
				2EED35A61EA2726A00906D6D /* UserProfilePhotoCell.swift in Sources */,
				2EA7E8CF1E98004B0015C315 /* PhotoSelectorCell.swift in Sources */,
				2E2541171EC7BF46005D0751 /* SwiftyCamViewController.swift in Sources */,
				2E2540FB1EC7BF13005D0751 /* CameraViewController.swift in Sources */,
				2E69F1AD1E8EB37600AD8CF8 /* UserProfileHeader.swift in Sources */,
				2EC306B61EC762900070C88A /* CommentsController.swift in Sources */,
				2E2173DE1E8D68C1003B6A75 /* MainTabBarController.swift in Sources */,
				2E2541181EC7BF46005D0751 /* SwiftyCamViewControllerDelegate.swift in Sources */,
				2EC306AE1EC6015A0070C88A /* CustomAnimationPresentor.swift in Sources */,
				2EF90AEB1E88C1E000F542C8 /* AppDelegate.swift in Sources */,
				2E87C5CA1EAA52AF006332A7 /* HomePostCell.swift in Sources */,
				2E5095FD1EA7C3C300F07EE2 /* CustomImageView.swift in Sources */,
				2EC7E6941E99639B00ECC46B /* PhotoSelectorHeader.swift in Sources */,
				2E2173E01E8D6971003B6A75 /* UserProfileController.swift in Sources */,
				2E2541161EC7BF46005D0751 /* SwiftyCamButton.swift in Sources */,
				2E4B887F1E9D3D9900315465 /* SharePhotoController.swift in Sources */,
				2EDE92181E8A05900021334D /* MenuViewController.swift in Sources */,
				2EA853851E96BB83009929A6 /* PhotoSelectorController.swift in Sources */,
				2EC306A71EC503860070C88A /* PreviewPhotoContainerView.swift in Sources */,
				2EED35A41EA270C000906D6D /* Post.swift in Sources */,
				2EC306B01EC6059E0070C88A /* CustomAnimationDismisser.swift in Sources */,
				2EDE921A1E8A09DA0021334D /* Menu.swift in Sources */,
				2ECB66981EABA5CE00F4E117 /* User.swift in Sources */,
			);
			runOnlyForDeploymentPostprocessing = 0;
		};
		2EF90AF71E88C1E000F542C8 /* Sources */ = {
			isa = PBXSourcesBuildPhase;
			buildActionMask = 2147483647;
			files = (
				2EF90B001E88C1E000F542C8 /* DigitalTests.swift in Sources */,
			);
			runOnlyForDeploymentPostprocessing = 0;
		};
		2EF90B021E88C1E000F542C8 /* Sources */ = {
			isa = PBXSourcesBuildPhase;
			buildActionMask = 2147483647;
			files = (
				2EF90B0B1E88C1E000F542C8 /* DigitalUITests.swift in Sources */,
			);
			runOnlyForDeploymentPostprocessing = 0;
		};
/* End PBXSourcesBuildPhase section */

/* Begin PBXTargetDependency section */
		2EF90AFD1E88C1E000F542C8 /* PBXTargetDependency */ = {
			isa = PBXTargetDependency;
			target = 2EF90AE61E88C1E000F542C8 /* Digital */;
			targetProxy = 2EF90AFC1E88C1E000F542C8 /* PBXContainerItemProxy */;
		};
		2EF90B081E88C1E000F542C8 /* PBXTargetDependency */ = {
			isa = PBXTargetDependency;
			target = 2EF90AE61E88C1E000F542C8 /* Digital */;
			targetProxy = 2EF90B071E88C1E000F542C8 /* PBXContainerItemProxy */;
		};
/* End PBXTargetDependency section */

/* Begin PBXVariantGroup section */
		2EF90AEE1E88C1E000F542C8 /* Main.storyboard */ = {
			isa = PBXVariantGroup;
			children = (
				2EF90AEF1E88C1E000F542C8 /* Base */,
			);
			name = Main.storyboard;
			sourceTree = "<group>";
		};
		2EF90AF31E88C1E000F542C8 /* LaunchScreen.storyboard */ = {
			isa = PBXVariantGroup;
			children = (
				2EF90AF41E88C1E000F542C8 /* Base */,
			);
			name = LaunchScreen.storyboard;
			sourceTree = "<group>";
		};
/* End PBXVariantGroup section */

/* Begin XCBuildConfiguration section */
		2EF90B0D1E88C1E000F542C8 /* Debug */ = {
			isa = XCBuildConfiguration;
			buildSettings = {
				ALWAYS_SEARCH_USER_PATHS = NO;
				CLANG_ANALYZER_NONNULL = YES;
				CLANG_CXX_LANGUAGE_STANDARD = "gnu++0x";
				CLANG_CXX_LIBRARY = "libc++";
				CLANG_ENABLE_MODULES = YES;
				CLANG_ENABLE_OBJC_ARC = YES;
				CLANG_WARN_BOOL_CONVERSION = YES;
				CLANG_WARN_CONSTANT_CONVERSION = YES;
				CLANG_WARN_DIRECT_OBJC_ISA_USAGE = YES_ERROR;
				CLANG_WARN_DOCUMENTATION_COMMENTS = YES;
				CLANG_WARN_EMPTY_BODY = YES;
				CLANG_WARN_ENUM_CONVERSION = YES;
				CLANG_WARN_INFINITE_RECURSION = YES;
				CLANG_WARN_INT_CONVERSION = YES;
				CLANG_WARN_OBJC_ROOT_CLASS = YES_ERROR;
				CLANG_WARN_SUSPICIOUS_MOVE = YES;
				CLANG_WARN_UNREACHABLE_CODE = YES;
				CLANG_WARN__DUPLICATE_METHOD_MATCH = YES;
				"CODE_SIGN_IDENTITY[sdk=iphoneos*]" = "iPhone Developer";
				COPY_PHASE_STRIP = NO;
				DEBUG_INFORMATION_FORMAT = dwarf;
				ENABLE_STRICT_OBJC_MSGSEND = YES;
				ENABLE_TESTABILITY = YES;
				GCC_C_LANGUAGE_STANDARD = gnu99;
				GCC_DYNAMIC_NO_PIC = NO;
				GCC_NO_COMMON_BLOCKS = YES;
				GCC_OPTIMIZATION_LEVEL = 0;
				GCC_PREPROCESSOR_DEFINITIONS = (
					"DEBUG=1",
					"$(inherited)",
				);
				GCC_WARN_64_TO_32_BIT_CONVERSION = YES;
				GCC_WARN_ABOUT_RETURN_TYPE = YES_ERROR;
				GCC_WARN_UNDECLARED_SELECTOR = YES;
				GCC_WARN_UNINITIALIZED_AUTOS = YES_AGGRESSIVE;
				GCC_WARN_UNUSED_FUNCTION = YES;
				GCC_WARN_UNUSED_VARIABLE = YES;
				IPHONEOS_DEPLOYMENT_TARGET = 10.2;
				MTL_ENABLE_DEBUG_INFO = YES;
				ONLY_ACTIVE_ARCH = YES;
				SDKROOT = iphoneos;
				SWIFT_ACTIVE_COMPILATION_CONDITIONS = DEBUG;
				SWIFT_OPTIMIZATION_LEVEL = "-Onone";
				TARGETED_DEVICE_FAMILY = "1,2";
			};
			name = Debug;
		};
		2EF90B0E1E88C1E000F542C8 /* Release */ = {
			isa = XCBuildConfiguration;
			buildSettings = {
				ALWAYS_SEARCH_USER_PATHS = NO;
				CLANG_ANALYZER_NONNULL = YES;
				CLANG_CXX_LANGUAGE_STANDARD = "gnu++0x";
				CLANG_CXX_LIBRARY = "libc++";
				CLANG_ENABLE_MODULES = YES;
				CLANG_ENABLE_OBJC_ARC = YES;
				CLANG_WARN_BOOL_CONVERSION = YES;
				CLANG_WARN_CONSTANT_CONVERSION = YES;
				CLANG_WARN_DIRECT_OBJC_ISA_USAGE = YES_ERROR;
				CLANG_WARN_DOCUMENTATION_COMMENTS = YES;
				CLANG_WARN_EMPTY_BODY = YES;
				CLANG_WARN_ENUM_CONVERSION = YES;
				CLANG_WARN_INFINITE_RECURSION = YES;
				CLANG_WARN_INT_CONVERSION = YES;
				CLANG_WARN_OBJC_ROOT_CLASS = YES_ERROR;
				CLANG_WARN_SUSPICIOUS_MOVE = YES;
				CLANG_WARN_UNREACHABLE_CODE = YES;
				CLANG_WARN__DUPLICATE_METHOD_MATCH = YES;
				"CODE_SIGN_IDENTITY[sdk=iphoneos*]" = "iPhone Developer";
				COPY_PHASE_STRIP = NO;
				DEBUG_INFORMATION_FORMAT = "dwarf-with-dsym";
				ENABLE_NS_ASSERTIONS = NO;
				ENABLE_STRICT_OBJC_MSGSEND = YES;
				GCC_C_LANGUAGE_STANDARD = gnu99;
				GCC_NO_COMMON_BLOCKS = YES;
				GCC_WARN_64_TO_32_BIT_CONVERSION = YES;
				GCC_WARN_ABOUT_RETURN_TYPE = YES_ERROR;
				GCC_WARN_UNDECLARED_SELECTOR = YES;
				GCC_WARN_UNINITIALIZED_AUTOS = YES_AGGRESSIVE;
				GCC_WARN_UNUSED_FUNCTION = YES;
				GCC_WARN_UNUSED_VARIABLE = YES;
				IPHONEOS_DEPLOYMENT_TARGET = 10.2;
				MTL_ENABLE_DEBUG_INFO = NO;
				SDKROOT = iphoneos;
				SWIFT_OPTIMIZATION_LEVEL = "-Owholemodule";
				TARGETED_DEVICE_FAMILY = "1,2";
				VALIDATE_PRODUCT = YES;
			};
			name = Release;
		};
		2EF90B101E88C1E000F542C8 /* Debug */ = {
			isa = XCBuildConfiguration;
			baseConfigurationReference = 819A240CD270842EC881D9F5 /* Pods-Digital.debug.xcconfig */;
			buildSettings = {
				ASSETCATALOG_COMPILER_APPICON_NAME = AppIcon;
				CLANG_ENABLE_MODULES = YES;
				CODE_SIGN_ENTITLEMENTS = Digital/Digital.entitlements;
				DEVELOPMENT_TEAM = 523V3UVQR9;
				INFOPLIST_FILE = Digital/Info.plist;
				LD_RUNPATH_SEARCH_PATHS = "$(inherited) @executable_path/Frameworks";
				PRODUCT_BUNDLE_IDENTIFIER = com.Andryuschenko.Digital;
				PRODUCT_NAME = "$(TARGET_NAME)";
				SWIFT_OBJC_BRIDGING_HEADER = "Digital/Digital-Bridging-Header.h";
				SWIFT_OPTIMIZATION_LEVEL = "-Onone";
				SWIFT_VERSION = 3.0;
			};
			name = Debug;
		};
		2EF90B111E88C1E000F542C8 /* Release */ = {
			isa = XCBuildConfiguration;
			baseConfigurationReference = A5DA87EF31B985001576D33D /* Pods-Digital.release.xcconfig */;
			buildSettings = {
				ASSETCATALOG_COMPILER_APPICON_NAME = AppIcon;
				CLANG_ENABLE_MODULES = YES;
				CODE_SIGN_ENTITLEMENTS = Digital/Digital.entitlements;
				DEVELOPMENT_TEAM = 523V3UVQR9;
				INFOPLIST_FILE = Digital/Info.plist;
				LD_RUNPATH_SEARCH_PATHS = "$(inherited) @executable_path/Frameworks";
				PRODUCT_BUNDLE_IDENTIFIER = com.Andryuschenko.Digital;
				PRODUCT_NAME = "$(TARGET_NAME)";
				SWIFT_OBJC_BRIDGING_HEADER = "Digital/Digital-Bridging-Header.h";
				SWIFT_VERSION = 3.0;
			};
			name = Release;
		};
		2EF90B131E88C1E000F542C8 /* Debug */ = {
			isa = XCBuildConfiguration;
			baseConfigurationReference = 9536F1B3AE9A7112BF534F1C /* Pods-DigitalTests.debug.xcconfig */;
			buildSettings = {
				ALWAYS_EMBED_SWIFT_STANDARD_LIBRARIES = YES;
				BUNDLE_LOADER = "$(TEST_HOST)";
				DEVELOPMENT_TEAM = BLYGK7F49E;
				INFOPLIST_FILE = DigitalTests/Info.plist;
				LD_RUNPATH_SEARCH_PATHS = "$(inherited) @executable_path/Frameworks @loader_path/Frameworks";
				PRODUCT_BUNDLE_IDENTIFIER = Andryuschenko.DigitalTests;
				PRODUCT_NAME = "$(TARGET_NAME)";
				SWIFT_VERSION = 3.0;
				TEST_HOST = "$(BUILT_PRODUCTS_DIR)/Digital.app/Digital";
			};
			name = Debug;
		};
		2EF90B141E88C1E000F542C8 /* Release */ = {
			isa = XCBuildConfiguration;
			baseConfigurationReference = 2CE1F985FEBCF7A05811F6AA /* Pods-DigitalTests.release.xcconfig */;
			buildSettings = {
				ALWAYS_EMBED_SWIFT_STANDARD_LIBRARIES = YES;
				BUNDLE_LOADER = "$(TEST_HOST)";
				DEVELOPMENT_TEAM = BLYGK7F49E;
				INFOPLIST_FILE = DigitalTests/Info.plist;
				LD_RUNPATH_SEARCH_PATHS = "$(inherited) @executable_path/Frameworks @loader_path/Frameworks";
				PRODUCT_BUNDLE_IDENTIFIER = Andryuschenko.DigitalTests;
				PRODUCT_NAME = "$(TARGET_NAME)";
				SWIFT_VERSION = 3.0;
				TEST_HOST = "$(BUILT_PRODUCTS_DIR)/Digital.app/Digital";
			};
			name = Release;
		};
		2EF90B161E88C1E000F542C8 /* Debug */ = {
			isa = XCBuildConfiguration;
			baseConfigurationReference = 1AA382F650413212CC075616 /* Pods-DigitalUITests.debug.xcconfig */;
			buildSettings = {
				ALWAYS_EMBED_SWIFT_STANDARD_LIBRARIES = YES;
				DEVELOPMENT_TEAM = BLYGK7F49E;
				INFOPLIST_FILE = DigitalUITests/Info.plist;
				LD_RUNPATH_SEARCH_PATHS = "$(inherited) @executable_path/Frameworks @loader_path/Frameworks";
				PRODUCT_BUNDLE_IDENTIFIER = Andryuschenko.DigitalUITests;
				PRODUCT_NAME = "$(TARGET_NAME)";
				SWIFT_VERSION = 3.0;
				TEST_TARGET_NAME = Digital;
			};
			name = Debug;
		};
		2EF90B171E88C1E000F542C8 /* Release */ = {
			isa = XCBuildConfiguration;
			baseConfigurationReference = 8B888A4BB854AD0280AC7DF6 /* Pods-DigitalUITests.release.xcconfig */;
			buildSettings = {
				ALWAYS_EMBED_SWIFT_STANDARD_LIBRARIES = YES;
				DEVELOPMENT_TEAM = BLYGK7F49E;
				INFOPLIST_FILE = DigitalUITests/Info.plist;
				LD_RUNPATH_SEARCH_PATHS = "$(inherited) @executable_path/Frameworks @loader_path/Frameworks";
				PRODUCT_BUNDLE_IDENTIFIER = Andryuschenko.DigitalUITests;
				PRODUCT_NAME = "$(TARGET_NAME)";
				SWIFT_VERSION = 3.0;
				TEST_TARGET_NAME = Digital;
			};
			name = Release;
		};
/* End XCBuildConfiguration section */

/* Begin XCConfigurationList section */
		2EF90AE21E88C1E000F542C8 /* Build configuration list for PBXProject "Digital" */ = {
			isa = XCConfigurationList;
			buildConfigurations = (
				2EF90B0D1E88C1E000F542C8 /* Debug */,
				2EF90B0E1E88C1E000F542C8 /* Release */,
			);
			defaultConfigurationIsVisible = 0;
			defaultConfigurationName = Release;
		};
		2EF90B0F1E88C1E000F542C8 /* Build configuration list for PBXNativeTarget "Digital" */ = {
			isa = XCConfigurationList;
			buildConfigurations = (
				2EF90B101E88C1E000F542C8 /* Debug */,
				2EF90B111E88C1E000F542C8 /* Release */,
			);
			defaultConfigurationIsVisible = 0;
			defaultConfigurationName = Release;
		};
		2EF90B121E88C1E000F542C8 /* Build configuration list for PBXNativeTarget "DigitalTests" */ = {
			isa = XCConfigurationList;
			buildConfigurations = (
				2EF90B131E88C1E000F542C8 /* Debug */,
				2EF90B141E88C1E000F542C8 /* Release */,
			);
			defaultConfigurationIsVisible = 0;
			defaultConfigurationName = Release;
		};
		2EF90B151E88C1E000F542C8 /* Build configuration list for PBXNativeTarget "DigitalUITests" */ = {
			isa = XCConfigurationList;
			buildConfigurations = (
				2EF90B161E88C1E000F542C8 /* Debug */,
				2EF90B171E88C1E000F542C8 /* Release */,
			);
			defaultConfigurationIsVisible = 0;
			defaultConfigurationName = Release;
		};
/* End XCConfigurationList section */
	};
	rootObject = 2EF90ADF1E88C1E000F542C8 /* Project object */;
}
